
Microsoft Visual Studio Solution File, Format Version 12.00
# Visual Studio 2013
VisualStudioVersion = 12.0.40629.0
MinimumVisualStudioVersion = 10.0.40219.1
Project("{FAE04EC0-301F-11D3-BF4B-00C04F79EFBC}") = "OnplazaVietPhap", "OnplazaVietPhap\OnplazaVietPhap.csproj", "{F13C0BA4-820C-47F6-93B6-A8662851EF9D}"
EndProject
Project("{54435603-DBB4-11D2-8724-00A0C9A8B90C}") = "Setup2", "Setup2\Setup2.vdproj", "{36EB91E3-A971-421D-B3AF-ED974E5D90E9}"
EndProject
Global
	GlobalSection(SolutionConfigurationPlatforms) = preSolution
		Debug|Any CPU = Debug|Any CPU
		Release|Any CPU = Release|Any CPU
	EndGlobalSection
	GlobalSection(ProjectConfigurationPlatforms) = postSolution
		{F13C0BA4-820C-47F6-93B6-A8662851EF9D}.Debug|Any CPU.ActiveCfg = Debug|Any CPU
		{F13C0BA4-820C-47F6-93B6-A8662851EF9D}.Debug|Any CPU.Build.0 = Debug|Any CPU
		{F13C0BA4-820C-47F6-93B6-A8662851EF9D}.Release|Any CPU.ActiveCfg = Release|Any CPU
		{F13C0BA4-820C-47F6-93B6-A8662851EF9D}.Release|Any CPU.Build.0 = Release|Any CPU
		{36EB91E3-A971-421D-B3AF-ED974E5D90E9}.Debug|Any CPU.ActiveCfg = Debug
		{36EB91E3-A971-421D-B3AF-ED974E5D90E9}.Release|Any CPU.ActiveCfg = Release
	EndGlobalSection
	GlobalSection(SolutionProperties) = preSolution
		HideSolutionNode = FALSE
	EndGlobalSection
EndGlobal
